{
        "name": "@kompanie/random-string",
        "version": "1.0.0",
        "lockfileVersion": 3,
        "requires": true,
        "packages": {
                "": {
                        "name": "@kompanie/random-string",
                        "version": "1.0.0",
                        "license": "MIT",
                        "dependencies": {
                                "@kompanie/diener": "^3.0.0"
                        }
                },
                "node_modules/@kompanie/diener": {
                        "version": "3.0.0",
                        "resolved": "https://registry.npmjs.org/@kompanie/diener/-/diener-3.0.0.tgz",
                        "integrity": "sha512-PhfzigVkPzfGkXS/VbiEAIdXkUcaycc+NqE29b9lRVnlNN937Vxa3Xc0OTmacEZoAq+e29P0DSs7nS6UlKVNaA==",
                        "license": "MIT",
                        "bin": {
                                "diener": "index.js"
                        }
                }
        }
}
